{
  "name": "Joy-Of-Tails",
  "lockfileVersion": 2,
  "requires": true,
  "packages": {
    "": {
      "dependencies": {
        "country-state-city": "^3.1.4"
      }
    },
    "node_modules/country-state-city": {
      "version": "3.1.4",
      "resolved": "https://registry.npmjs.org/country-state-city/-/country-state-city-3.1.4.tgz",
      "integrity": "sha512-gULjY6rojfdTbgBoPXYbcnmS0SSFzRJl+/jgS/IIxraI7l4YVbT/Jb53OFujJwrQP4d19YC7yWIDHyxtMxgHVQ=="
    }
  },
  "dependencies": {
    "country-state-city": {
      "version": "3.1.4",
      "resolved": "https://registry.npmjs.org/country-state-city/-/country-state-city-3.1.4.tgz",
      "integrity": "sha512-gULjY6rojfdTbgBoPXYbcnmS0SSFzRJl+/jgS/IIxraI7l4YVbT/Jb53OFujJwrQP4d19YC7yWIDHyxtMxgHVQ=="
    }
  }
}
